// !$*UTF8*$!
{
	archiveVersion = 1;
	classes = {
	};
	objectVersion = 46;
	objects = {

/* Begin PBXBuildFile section */
		3F2B46A61CB2BE6F003D617C /* BudgetTableViewController.swift in Sources */ = {isa = PBXBuildFile; fileRef = 3F2B46A51CB2BE6F003D617C /* BudgetTableViewController.swift */; };
		3F2B46A81CB2BF41003D617C /* BudgetSection.swift in Sources */ = {isa = PBXBuildFile; fileRef = 3F2B46A71CB2BF41003D617C /* BudgetSection.swift */; };
		3F3DB0F41CC5354D00EF95D2 /* BudgetItemViewController.swift in Sources */ = {isa = PBXBuildFile; fileRef = 3F3DB0F31CC5354D00EF95D2 /* BudgetItemViewController.swift */; };
		3F3DB0F61CD25E2F00EF95D2 /* InterestCalculatorViewController.swift in Sources */ = {isa = PBXBuildFile; fileRef = 3F3DB0F51CD25E2F00EF95D2 /* InterestCalculatorViewController.swift */; };
		3FC2930F1CAD753C00882B82 /* AppDelegate.swift in Sources */ = {isa = PBXBuildFile; fileRef = 3FC2930E1CAD753C00882B82 /* AppDelegate.swift */; };
		3FC293141CAD753C00882B82 /* Main.storyboard in Resources */ = {isa = PBXBuildFile; fileRef = 3FC293121CAD753C00882B82 /* Main.storyboard */; };
		3FC293161CAD753C00882B82 /* Assets.xcassets in Resources */ = {isa = PBXBuildFile; fileRef = 3FC293151CAD753C00882B82 /* Assets.xcassets */; };
		3FC293191CAD753C00882B82 /* LaunchScreen.storyboard in Resources */ = {isa = PBXBuildFile; fileRef = 3FC293171CAD753C00882B82 /* LaunchScreen.storyboard */; };
		3FC293241CAD753C00882B82 /* BudgetAppTests.swift in Sources */ = {isa = PBXBuildFile; fileRef = 3FC293231CAD753C00882B82 /* BudgetAppTests.swift */; };
		3FC2932F1CAD753C00882B82 /* BudgetAppUITests.swift in Sources */ = {isa = PBXBuildFile; fileRef = 3FC2932E1CAD753C00882B82 /* BudgetAppUITests.swift */; };
		3FC2933D1CAD7CE000882B82 /* BudgetItem.swift in Sources */ = {isa = PBXBuildFile; fileRef = 3FC2933C1CAD7CE000882B82 /* BudgetItem.swift */; };
/* End PBXBuildFile section */

/* Begin PBXContainerItemProxy section */
		3FC293201CAD753C00882B82 /* PBXContainerItemProxy */ = {
			isa = PBXContainerItemProxy;
			containerPortal = 3FC293031CAD753C00882B82 /* Project object */;
			proxyType = 1;
			remoteGlobalIDString = 3FC2930A1CAD753C00882B82;
			remoteInfo = BudgetApp;
		};
		3FC2932B1CAD753C00882B82 /* PBXContainerItemProxy */ = {
			isa = PBXContainerItemProxy;
			containerPortal = 3FC293031CAD753C00882B82 /* Project object */;
			proxyType = 1;
			remoteGlobalIDString = 3FC2930A1CAD753C00882B82;
			remoteInfo = BudgetApp;
		};
/* End PBXContainerItemProxy section */

/* Begin PBXFileReference section */
		3F2B46A51CB2BE6F003D617C /* BudgetTableViewController.swift */ = {isa = PBXFileReference; fileEncoding = 4; lastKnownFileType = sourcecode.swift; path = BudgetTableViewController.swift; sourceTree = "<group>"; };
		3F2B46A71CB2BF41003D617C /* BudgetSection.swift */ = {isa = PBXFileReference; fileEncoding = 4; lastKnownFileType = sourcecode.swift; path = BudgetSection.swift; sourceTree = "<group>"; };
		3F3DB0F31CC5354D00EF95D2 /* BudgetItemViewController.swift */ = {isa = PBXFileReference; fileEncoding = 4; lastKnownFileType = sourcecode.swift; path = BudgetItemViewController.swift; sourceTree = "<group>"; };
		3F3DB0F51CD25E2F00EF95D2 /* InterestCalculatorViewController.swift */ = {isa = PBXFileReference; fileEncoding = 4; lastKnownFileType = sourcecode.swift; path = InterestCalculatorViewController.swift; sourceTree = "<group>"; };
		3FC2930B1CAD753C00882B82 /* Budgeteer.app */ = {isa = PBXFileReference; explicitFileType = wrapper.application; includeInIndex = 0; path = Budgeteer.app; sourceTree = BUILT_PRODUCTS_DIR; };
		3FC2930E1CAD753C00882B82 /* AppDelegate.swift */ = {isa = PBXFileReference; lastKnownFileType = sourcecode.swift; path = AppDelegate.swift; sourceTree = "<group>"; };
		3FC293131CAD753C00882B82 /* Base */ = {isa = PBXFileReference; lastKnownFileType = file.storyboard; name = Base; path = Base.lproj/Main.storyboard; sourceTree = "<group>"; };
		3FC293151CAD753C00882B82 /* Assets.xcassets */ = {isa = PBXFileReference; lastKnownFileType = folder.assetcatalog; path = Assets.xcassets; sourceTree = "<group>"; };
		3FC293181CAD753C00882B82 /* Base */ = {isa = PBXFileReference; lastKnownFileType = file.storyboard; name = Base; path = Base.lproj/LaunchScreen.storyboard; sourceTree = "<group>"; };
		3FC2931A1CAD753C00882B82 /* Info.plist */ = {isa = PBXFileReference; lastKnownFileType = text.plist.xml; path = Info.plist; sourceTree = "<group>"; };
		3FC2931F1CAD753C00882B82 /* Budgeteer.xctest */ = {isa = PBXFileReference; explicitFileType = wrapper.cfbundle; includeInIndex = 0; path = Budgeteer.xctest; sourceTree = BUILT_PRODUCTS_DIR; };
		3FC293231CAD753C00882B82 /* BudgetAppTests.swift */ = {isa = PBXFileReference; lastKnownFileType = sourcecode.swift; path = BudgetAppTests.swift; sourceTree = "<group>"; };
		3FC293251CAD753C00882B82 /* Info.plist */ = {isa = PBXFileReference; lastKnownFileType = text.plist.xml; path = Info.plist; sourceTree = "<group>"; };
		3FC2932A1CAD753C00882B82 /* Budgeteer.xctest */ = {isa = PBXFileReference; explicitFileType = wrapper.cfbundle; includeInIndex = 0; path = Budgeteer.xctest; sourceTree = BUILT_PRODUCTS_DIR; };
		3FC2932E1CAD753C00882B82 /* BudgetAppUITests.swift */ = {isa = PBXFileReference; lastKnownFileType = sourcecode.swift; path = BudgetAppUITests.swift; sourceTree = "<group>"; };
		3FC293301CAD753C00882B82 /* Info.plist */ = {isa = PBXFileReference; lastKnownFileType = text.plist.xml; path = Info.plist; sourceTree = "<group>"; };
		3FC2933C1CAD7CE000882B82 /* BudgetItem.swift */ = {isa = PBXFileReference; fileEncoding = 4; lastKnownFileType = sourcecode.swift; path = BudgetItem.swift; sourceTree = "<group>"; };
/* End PBXFileReference section */

/* Begin PBXFrameworksBuildPhase section */
		3FC293081CAD753C00882B82 /* Frameworks */ = {
			isa = PBXFrameworksBuildPhase;
			buildActionMask = 2147483647;
			files = (
			);
			runOnlyForDeploymentPostprocessing = 0;
		};
		3FC2931C1CAD753C00882B82 /* Frameworks */ = {
			isa = PBXFrameworksBuildPhase;
			buildActionMask = 2147483647;
			files = (
			);
			runOnlyForDeploymentPostprocessing = 0;
		};
		3FC293271CAD753C00882B82 /* Frameworks */ = {
			isa = PBXFrameworksBuildPhase;
			buildActionMask = 2147483647;
			files = (
			);
			runOnlyForDeploymentPostprocessing = 0;
		};
/* End PBXFrameworksBuildPhase section */

/* Begin PBXGroup section */
		3FC293021CAD753C00882B82 = {
			isa = PBXGroup;
			children = (
				3FC2930D1CAD753C00882B82 /* BudgetApp */,
				3FC293221CAD753C00882B82 /* BudgetAppTests */,
				3FC2932D1CAD753C00882B82 /* BudgetAppUITests */,
				3FC2930C1CAD753C00882B82 /* Products */,
			);
			sourceTree = "<group>";
		};
		3FC2930C1CAD753C00882B82 /* Products */ = {
			isa = PBXGroup;
			children = (
				3FC2930B1CAD753C00882B82 /* Budgeteer.app */,
				3FC2931F1CAD753C00882B82 /* Budgeteer.xctest */,
				3FC2932A1CAD753C00882B82 /* Budgeteer.xctest */,
			);
			name = Products;
			sourceTree = "<group>";
		};
		3FC2930D1CAD753C00882B82 /* BudgetApp */ = {
			isa = PBXGroup;
			children = (
				3FC293151CAD753C00882B82 /* Assets.xcassets */,
				3FC2930E1CAD753C00882B82 /* AppDelegate.swift */,
				3F2B46A51CB2BE6F003D617C /* BudgetTableViewController.swift */,
				3F3DB0F31CC5354D00EF95D2 /* BudgetItemViewController.swift */,
				3F2B46A71CB2BF41003D617C /* BudgetSection.swift */,
				3FC2933C1CAD7CE000882B82 /* BudgetItem.swift */,
				3F3DB0F51CD25E2F00EF95D2 /* InterestCalculatorViewController.swift */,
				3FC293121CAD753C00882B82 /* Main.storyboard */,
				3FC293171CAD753C00882B82 /* LaunchScreen.storyboard */,
				3FC2931A1CAD753C00882B82 /* Info.plist */,
			);
			path = BudgetApp;
			sourceTree = "<group>";
		};
		3FC293221CAD753C00882B82 /* BudgetAppTests */ = {
			isa = PBXGroup;
			children = (
				3FC293231CAD753C00882B82 /* BudgetAppTests.swift */,
				3FC293251CAD753C00882B82 /* Info.plist */,
			);
			path = BudgetAppTests;
			sourceTree = "<group>";
		};
		3FC2932D1CAD753C00882B82 /* BudgetAppUITests */ = {
			isa = PBXGroup;
			children = (
				3FC2932E1CAD753C00882B82 /* BudgetAppUITests.swift */,
				3FC293301CAD753C00882B82 /* Info.plist */,
			);
			path = BudgetAppUITests;
			sourceTree = "<group>";
		};
/* End PBXGroup section */

/* Begin PBXNativeTarget section */
		3FC2930A1CAD753C00882B82 /* Budgeteer */ = {
			isa = PBXNativeTarget;
			buildConfigurationList = 3FC293331CAD753C00882B82 /* Build configuration list for PBXNativeTarget "Budgeteer" */;
			buildPhases = (
				3FC293071CAD753C00882B82 /* Sources */,
				3FC293081CAD753C00882B82 /* Frameworks */,
				3FC293091CAD753C00882B82 /* Resources */,
			);
			buildRules = (
			);
			dependencies = (
			);
			name = Budgeteer;
			productName = BudgetApp;
			productReference = 3FC2930B1CAD753C00882B82 /* Budgeteer.app */;
			productType = "com.apple.product-type.application";
		};
		3FC2931E1CAD753C00882B82 /* BudgeteerTests */ = {
			isa = PBXNativeTarget;
			buildConfigurationList = 3FC293361CAD753C00882B82 /* Build configuration list for PBXNativeTarget "BudgeteerTests" */;
			buildPhases = (
				3FC2931B1CAD753C00882B82 /* Sources */,
				3FC2931C1CAD753C00882B82 /* Frameworks */,
				3FC2931D1CAD753C00882B82 /* Resources */,
			);
			buildRules = (
			);
			dependencies = (
				3FC293211CAD753C00882B82 /* PBXTargetDependency */,
			);
			name = BudgeteerTests;
			productName = BudgetAppTests;
			productReference = 3FC2931F1CAD753C00882B82 /* Budgeteer.xctest */;
			productType = "com.apple.product-type.bundle.unit-test";
		};
		3FC293291CAD753C00882B82 /* BudgeteerUITests */ = {
			isa = PBXNativeTarget;
			buildConfigurationList = 3FC293391CAD753C00882B82 /* Build configuration list for PBXNativeTarget "BudgeteerUITests" */;
			buildPhases = (
				3FC293261CAD753C00882B82 /* Sources */,
				3FC293271CAD753C00882B82 /* Frameworks */,
				3FC293281CAD753C00882B82 /* Resources */,
			);
			buildRules = (
			);
			dependencies = (
				3FC2932C1CAD753C00882B82 /* PBXTargetDependency */,
			);
			name = BudgeteerUITests;
			productName = BudgetAppUITests;
			productReference = 3FC2932A1CAD753C00882B82 /* Budgeteer.xctest */;
			productType = "com.apple.product-type.bundle.ui-testing";
		};
/* End PBXNativeTarget section */

/* Begin PBXProject section */
		3FC293031CAD753C00882B82 /* Project object */ = {
			isa = PBXProject;
			attributes = {
				LastSwiftUpdateCheck = 0720;
				LastUpgradeCheck = 0720;
				ORGANIZATIONNAME = "Richie Gurgul";
				TargetAttributes = {
					3FC2930A1CAD753C00882B82 = {
						CreatedOnToolsVersion = 7.2;
						DevelopmentTeam = 3553PD8SS6;
					};
					3FC2931E1CAD753C00882B82 = {
						CreatedOnToolsVersion = 7.2;
						DevelopmentTeam = 3553PD8SS6;
						TestTargetID = 3FC2930A1CAD753C00882B82;
					};
					3FC293291CAD753C00882B82 = {
						CreatedOnToolsVersion = 7.2;
						DevelopmentTeam = 3553PD8SS6;
						TestTargetID = 3FC2930A1CAD753C00882B82;
					};
				};
			};
			buildConfigurationList = 3FC293061CAD753C00882B82 /* Build configuration list for PBXProject "Budgeteer" */;
			compatibilityVersion = "Xcode 3.2";
			developmentRegion = English;
			hasScannedForEncodings = 0;
			knownRegions = (
				en,
				Base,
			);
			mainGroup = 3FC293021CAD753C00882B82;
			productRefGroup = 3FC2930C1CAD753C00882B82 /* Products */;
			projectDirPath = "";
			projectRoot = "";
			targets = (
				3FC2930A1CAD753C00882B82 /* Budgeteer */,
				3FC2931E1CAD753C00882B82 /* BudgeteerTests */,
				3FC293291CAD753C00882B82 /* BudgeteerUITests */,
			);
		};
/* End PBXProject section */

/* Begin PBXResourcesBuildPhase section */
		3FC293091CAD753C00882B82 /* Resources */ = {
			isa = PBXResourcesBuildPhase;
			buildActionMask = 2147483647;
			files = (
				3FC293191CAD753C00882B82 /* LaunchScreen.storyboard in Resources */,
				3FC293161CAD753C00882B82 /* Assets.xcassets in Resources */,
				3FC293141CAD753C00882B82 /* Main.storyboard in Resources */,
			);
			runOnlyForDeploymentPostprocessing = 0;
		};
		3FC2931D1CAD753C00882B82 /* Resources */ = {
			isa = PBXResourcesBuildPhase;
			buildActionMask = 2147483647;
			files = (
			);
			runOnlyForDeploymentPostprocessing = 0;
		};
		3FC293281CAD753C00882B82 /* Resources */ = {
			isa = PBXResourcesBuildPhase;
			buildActionMask = 2147483647;
			files = (
			);
			runOnlyForDeploymentPostprocessing = 0;
		};
/* End PBXResourcesBuildPhase section */

/* Begin PBXSourcesBuildPhase section */
		3FC293071CAD753C00882B82 /* Sources */ = {
			isa = PBXSourcesBuildPhase;
			buildActionMask = 2147483647;
			files = (
				3FC2933D1CAD7CE000882B82 /* BudgetItem.swift in Sources */,
				3F2B46A81CB2BF41003D617C /* BudgetSection.swift in Sources */,
				3F3DB0F41CC5354D00EF95D2 /* BudgetItemViewController.swift in Sources */,
				3FC2930F1CAD753C00882B82 /* AppDelegate.swift in Sources */,
				3F3DB0F61CD25E2F00EF95D2 /* InterestCalculatorViewController.swift in Sources */,
				3F2B46A61CB2BE6F003D617C /* BudgetTableViewController.swift in Sources */,
			);
			runOnlyForDeploymentPostprocessing = 0;
		};
		3FC2931B1CAD753C00882B82 /* Sources */ = {
			isa = PBXSourcesBuildPhase;
			buildActionMask = 2147483647;
			files = (
				3FC293241CAD753C00882B82 /* BudgetAppTests.swift in Sources */,
			);
			runOnlyForDeploymentPostprocessing = 0;
		};
		3FC293261CAD753C00882B82 /* Sources */ = {
			isa = PBXSourcesBuildPhase;
			buildActionMask = 2147483647;
			files = (
				3FC2932F1CAD753C00882B82 /* BudgetAppUITests.swift in Sources */,
			);
			runOnlyForDeploymentPostprocessing = 0;
		};
/* End PBXSourcesBuildPhase section */

/* Begin PBXTargetDependency section */
		3FC293211CAD753C00882B82 /* PBXTargetDependency */ = {
			isa = PBXTargetDependency;
			target = 3FC2930A1CAD753C00882B82 /* Budgeteer */;
			targetProxy = 3FC293201CAD753C00882B82 /* PBXContainerItemProxy */;
		};
		3FC2932C1CAD753C00882B82 /* PBXTargetDependency */ = {
			isa = PBXTargetDependency;
			target = 3FC2930A1CAD753C00882B82 /* Budgeteer */;
			targetProxy = 3FC2932B1CAD753C00882B82 /* PBXContainerItemProxy */;
		};
/* End PBXTargetDependency section */

/* Begin PBXVariantGroup section */
		3FC293121CAD753C00882B82 /* Main.storyboard */ = {
			isa = PBXVariantGroup;
			children = (
				3FC293131CAD753C00882B82 /* Base */,
			);
			name = Main.storyboard;
			sourceTree = "<group>";
		};
		3FC293171CAD753C00882B82 /* LaunchScreen.storyboard */ = {
			isa = PBXVariantGroup;
			children = (
				3FC293181CAD753C00882B82 /* Base */,
			);
			name = LaunchScreen.storyboard;
			sourceTree = "<group>";
		};
/* End PBXVariantGroup section */

/* Begin XCBuildConfiguration section */
		3FC293311CAD753C00882B82 /* Debug */ = {
			isa = XCBuildConfiguration;
			buildSettings = {
				ALWAYS_SEARCH_USER_PATHS = NO;
				CLANG_CXX_LANGUAGE_STANDARD = "gnu++0x";
				CLANG_CXX_LIBRARY = "libc++";
				CLANG_ENABLE_MODULES = YES;
				CLANG_ENABLE_OBJC_ARC = YES;
				CLANG_WARN_BOOL_CONVERSION = YES;
				CLANG_WARN_CONSTANT_CONVERSION = YES;
				CLANG_WARN_DIRECT_OBJC_ISA_USAGE = YES_ERROR;
				CLANG_WARN_EMPTY_BODY = YES;
				CLANG_WARN_ENUM_CONVERSION = YES;
				CLANG_WARN_INT_CONVERSION = YES;
				CLANG_WARN_OBJC_ROOT_CLASS = YES_ERROR;
				CLANG_WARN_UNREACHABLE_CODE = YES;
				CLANG_WARN__DUPLICATE_METHOD_MATCH = YES;
				"CODE_SIGN_IDENTITY[sdk=iphoneos*]" = "iPhone Developer";
				COPY_PHASE_STRIP = NO;
				DEBUG_INFORMATION_FORMAT = dwarf;
				ENABLE_STRICT_OBJC_MSGSEND = YES;
				ENABLE_TESTABILITY = YES;
				GCC_C_LANGUAGE_STANDARD = gnu99;
				GCC_DYNAMIC_NO_PIC = NO;
				GCC_NO_COMMON_BLOCKS = YES;
				GCC_OPTIMIZATION_LEVEL = 0;
				GCC_PREPROCESSOR_DEFINITIONS = (
					"DEBUG=1",
					"$(inherited)",
				);
				GCC_WARN_64_TO_32_BIT_CONVERSION = YES;
				GCC_WARN_ABOUT_RETURN_TYPE = YES_ERROR;
				GCC_WARN_UNDECLARED_SELECTOR = YES;
				GCC_WARN_UNINITIALIZED_AUTOS = YES_AGGRESSIVE;
				GCC_WARN_UNUSED_FUNCTION = YES;
				GCC_WARN_UNUSED_VARIABLE = YES;
				IPHONEOS_DEPLOYMENT_TARGET = 9.2;
				MTL_ENABLE_DEBUG_INFO = YES;
				ONLY_ACTIVE_ARCH = YES;
				SDKROOT = iphoneos;
				SWIFT_OPTIMIZATION_LEVEL = "-Onone";
				TARGETED_DEVICE_FAMILY = "1,2";
			};
			name = Debug;
		};
		3FC293321CAD753C00882B82 /* Release */ = {
			isa = XCBuildConfiguration;
			buildSettings = {
				ALWAYS_SEARCH_USER_PATHS = NO;
				CLANG_CXX_LANGUAGE_STANDARD = "gnu++0x";
				CLANG_CXX_LIBRARY = "libc++";
				CLANG_ENABLE_MODULES = YES;
				CLANG_ENABLE_OBJC_ARC = YES;
				CLANG_WARN_BOOL_CONVERSION = YES;
				CLANG_WARN_CONSTANT_CONVERSION = YES;
				CLANG_WARN_DIRECT_OBJC_ISA_USAGE = YES_ERROR;
				CLANG_WARN_EMPTY_BODY = YES;
				CLANG_WARN_ENUM_CONVERSION = YES;
				CLANG_WARN_INT_CONVERSION = YES;
				CLANG_WARN_OBJC_ROOT_CLASS = YES_ERROR;
				CLANG_WARN_UNREACHABLE_CODE = YES;
				CLANG_WARN__DUPLICATE_METHOD_MATCH = YES;
				"CODE_SIGN_IDENTITY[sdk=iphoneos*]" = "iPhone Developer";
				COPY_PHASE_STRIP = NO;
				DEBUG_INFORMATION_FORMAT = "dwarf-with-dsym";
				ENABLE_NS_ASSERTIONS = NO;
				ENABLE_STRICT_OBJC_MSGSEND = YES;
				GCC_C_LANGUAGE_STANDARD = gnu99;
				GCC_NO_COMMON_BLOCKS = YES;
				GCC_WARN_64_TO_32_BIT_CONVERSION = YES;
				GCC_WARN_ABOUT_RETURN_TYPE = YES_ERROR;
				GCC_WARN_UNDECLARED_SELECTOR = YES;
				GCC_WARN_UNINITIALIZED_AUTOS = YES_AGGRESSIVE;
				GCC_WARN_UNUSED_FUNCTION = YES;
				GCC_WARN_UNUSED_VARIABLE = YES;
				IPHONEOS_DEPLOYMENT_TARGET = 9.2;
				MTL_ENABLE_DEBUG_INFO = NO;
				SDKROOT = iphoneos;
				TARGETED_DEVICE_FAMILY = "1,2";
				VALIDATE_PRODUCT = YES;
			};
			name = Release;
		};
		3FC293341CAD753C00882B82 /* Debug */ = {
			isa = XCBuildConfiguration;
			buildSettings = {
				ASSETCATALOG_COMPILER_APPICON_NAME = AppIcon;
				INFOPLIST_FILE = BudgetApp/Info.plist;
				LD_RUNPATH_SEARCH_PATHS = "$(inherited) @executable_path/Frameworks";
				PRODUCT_BUNDLE_IDENTIFIER = MobileApps.BudgetApp;
				PRODUCT_NAME = Budgeteer;
			};
			name = Debug;
		};
		3FC293351CAD753C00882B82 /* Release */ = {
			isa = XCBuildConfiguration;
			buildSettings = {
				ASSETCATALOG_COMPILER_APPICON_NAME = AppIcon;
				INFOPLIST_FILE = BudgetApp/Info.plist;
				LD_RUNPATH_SEARCH_PATHS = "$(inherited) @executable_path/Frameworks";
				PRODUCT_BUNDLE_IDENTIFIER = MobileApps.BudgetApp;
				PRODUCT_NAME = Budgeteer;
			};
			name = Release;
		};
		3FC293371CAD753C00882B82 /* Debug */ = {
			isa = XCBuildConfiguration;
			buildSettings = {
				BUNDLE_LOADER = "$(TEST_HOST)";
				INFOPLIST_FILE = BudgetAppTests/Info.plist;
				LD_RUNPATH_SEARCH_PATHS = "$(inherited) @executable_path/Frameworks @loader_path/Frameworks";
				PRODUCT_BUNDLE_IDENTIFIER = MobileApps.BudgetAppTests;
				PRODUCT_NAME = Budgeteer;
				TEST_HOST = "$(BUILT_PRODUCTS_DIR)/Budgeteer.app/Budgeteer";
			};
			name = Debug;
		};
		3FC293381CAD753C00882B82 /* Release */ = {
			isa = XCBuildConfiguration;
			buildSettings = {
				BUNDLE_LOADER = "$(TEST_HOST)";
				INFOPLIST_FILE = BudgetAppTests/Info.plist;
				LD_RUNPATH_SEARCH_PATHS = "$(inherited) @executable_path/Frameworks @loader_path/Frameworks";
				PRODUCT_BUNDLE_IDENTIFIER = MobileApps.BudgetAppTests;
				PRODUCT_NAME = Budgeteer;
				TEST_HOST = "$(BUILT_PRODUCTS_DIR)/Budgeteer.app/Budgeteer";
			};
			name = Release;
		};
		3FC2933A1CAD753C00882B82 /* Debug */ = {
			isa = XCBuildConfiguration;
			buildSettings = {
				INFOPLIST_FILE = BudgetAppUITests/Info.plist;
				LD_RUNPATH_SEARCH_PATHS = "$(inherited) @executable_path/Frameworks @loader_path/Frameworks";
				PRODUCT_BUNDLE_IDENTIFIER = MobileApps.BudgetAppUITests;
				PRODUCT_NAME = Budgeteer;
				TEST_TARGET_NAME = BudgetApp;
				USES_XCTRUNNER = YES;
			};
			name = Debug;
		};
		3FC2933B1CAD753C00882B82 /* Release */ = {
			isa = XCBuildConfiguration;
			buildSettings = {
				INFOPLIST_FILE = BudgetAppUITests/Info.plist;
				LD_RUNPATH_SEARCH_PATHS = "$(inherited) @executable_path/Frameworks @loader_path/Frameworks";
				PRODUCT_BUNDLE_IDENTIFIER = MobileApps.BudgetAppUITests;
				PRODUCT_NAME = Budgeteer;
				TEST_TARGET_NAME = BudgetApp;
				USES_XCTRUNNER = YES;
			};
			name = Release;
		};
/* End XCBuildConfiguration section */

/* Begin XCConfigurationList section */
		3FC293061CAD753C00882B82 /* Build configuration list for PBXProject "Budgeteer" */ = {
			isa = XCConfigurationList;
			buildConfigurations = (
				3FC293311CAD753C00882B82 /* Debug */,
				3FC293321CAD753C00882B82 /* Release */,
			);
			defaultConfigurationIsVisible = 0;
			defaultConfigurationName = Release;
		};
		3FC293331CAD753C00882B82 /* Build configuration list for PBXNativeTarget "Budgeteer" */ = {
			isa = XCConfigurationList;
			buildConfigurations = (
				3FC293341CAD753C00882B82 /* Debug */,
				3FC293351CAD753C00882B82 /* Release */,
			);
			defaultConfigurationIsVisible = 0;
			defaultConfigurationName = Release;
		};
		3FC293361CAD753C00882B82 /* Build configuration list for PBXNativeTarget "BudgeteerTests" */ = {
			isa = XCConfigurationList;
			buildConfigurations = (
				3FC293371CAD753C00882B82 /* Debug */,
				3FC293381CAD753C00882B82 /* Release */,
			);
			defaultConfigurationIsVisible = 0;
			defaultConfigurationName = Release;
		};
		3FC293391CAD753C00882B82 /* Build configuration list for PBXNativeTarget "BudgeteerUITests" */ = {
			isa = XCConfigurationList;
			buildConfigurations = (
				3FC2933A1CAD753C00882B82 /* Debug */,
				3FC2933B1CAD753C00882B82 /* Release */,
			);
			defaultConfigurationIsVisible = 0;
			defaultConfigurationName = Release;
		};
/* End XCConfigurationList section */
	};
	rootObject = 3FC293031CAD753C00882B82 /* Project object */;
}
